// !$*UTF8*$!
{
	archiveVersion = 1;
	classes = {
	};
	objectVersion = 50;
	objects = {

/* Begin PBXBuildFile section */
		C5150A5522A4F98C00AB53A2 /* DateFormatterHelper.swift in Sources */ = {isa = PBXBuildFile; fileRef = C5150A5422A4F98C00AB53A2 /* DateFormatterHelper.swift */; };
		C5150A5722A5F35900AB53A2 /* DetailsViewInput.swift in Sources */ = {isa = PBXBuildFile; fileRef = C5150A5622A5F35900AB53A2 /* DetailsViewInput.swift */; };
		C5150A5922A5F3CC00AB53A2 /* DetailViewOutput.swift in Sources */ = {isa = PBXBuildFile; fileRef = C5150A5822A5F3CC00AB53A2 /* DetailViewOutput.swift */; };
		C5150A5B22A5F40B00AB53A2 /* DetailsViewController.swift in Sources */ = {isa = PBXBuildFile; fileRef = C5150A5A22A5F40B00AB53A2 /* DetailsViewController.swift */; };
		C5150A5E22A5F4F500AB53A2 /* DetailsPresenter.swift in Sources */ = {isa = PBXBuildFile; fileRef = C5150A5D22A5F4F500AB53A2 /* DetailsPresenter.swift */; };
		C5150A6122A5F5CE00AB53A2 /* DetailsModuleBuilder.swift in Sources */ = {isa = PBXBuildFile; fileRef = C5150A6022A5F5CE00AB53A2 /* DetailsModuleBuilder.swift */; };
		C5150A6422A5F61600AB53A2 /* DetailsInteractor.swift in Sources */ = {isa = PBXBuildFile; fileRef = C5150A6322A5F61600AB53A2 /* DetailsInteractor.swift */; };
		C5150A6622A5F63100AB53A2 /* DetailsRouter.swift in Sources */ = {isa = PBXBuildFile; fileRef = C5150A6522A5F63100AB53A2 /* DetailsRouter.swift */; };
		C52677F522A3D5B600523D04 /* AppDelegate.swift in Sources */ = {isa = PBXBuildFile; fileRef = C52677F422A3D5B600523D04 /* AppDelegate.swift */; };
		C52677FA22A3D5B600523D04 /* Main.storyboard in Resources */ = {isa = PBXBuildFile; fileRef = C52677F822A3D5B600523D04 /* Main.storyboard */; };
		C52677FC22A3D5B700523D04 /* Assets.xcassets in Resources */ = {isa = PBXBuildFile; fileRef = C52677FB22A3D5B700523D04 /* Assets.xcassets */; };
		C52677FF22A3D5B700523D04 /* LaunchScreen.storyboard in Resources */ = {isa = PBXBuildFile; fileRef = C52677FD22A3D5B700523D04 /* LaunchScreen.storyboard */; };
		C526780A22A3D5B700523D04 /* MovieList_ViperTests.swift in Sources */ = {isa = PBXBuildFile; fileRef = C526780922A3D5B700523D04 /* MovieList_ViperTests.swift */; };
		C526781822A3D67E00523D04 /* GenericRole.swift in Sources */ = {isa = PBXBuildFile; fileRef = C526781722A3D67E00523D04 /* GenericRole.swift */; };
		C526781B22A3D84F00523D04 /* Actor.swift in Sources */ = {isa = PBXBuildFile; fileRef = C526781A22A3D84F00523D04 /* Actor.swift */; };
		C526781D22A3D8B200523D04 /* Director.swift in Sources */ = {isa = PBXBuildFile; fileRef = C526781C22A3D8B200523D04 /* Director.swift */; };
		C526781F22A3D93B00523D04 /* Film.swift in Sources */ = {isa = PBXBuildFile; fileRef = C526781E22A3D93B00523D04 /* Film.swift */; };
		C526782622A3EA7900523D04 /* MoviesListViewInput.swift in Sources */ = {isa = PBXBuildFile; fileRef = C526782522A3EA7900523D04 /* MoviesListViewInput.swift */; };
		C526782822A3EAD300523D04 /* MoviesListViewOutput.swift in Sources */ = {isa = PBXBuildFile; fileRef = C526782722A3EAD300523D04 /* MoviesListViewOutput.swift */; };
		C526782A22A3EBDE00523D04 /* MoviesListViewController.swift in Sources */ = {isa = PBXBuildFile; fileRef = C526782922A3EBDE00523D04 /* MoviesListViewController.swift */; };
		C526782D22A3EEFB00523D04 /* MovieCell.swift in Sources */ = {isa = PBXBuildFile; fileRef = C526782B22A3EEFB00523D04 /* MovieCell.swift */; };
		C526782E22A3EEFB00523D04 /* MovieCell.xib in Resources */ = {isa = PBXBuildFile; fileRef = C526782C22A3EEFB00523D04 /* MovieCell.xib */; };
		C526783122A3F62F00523D04 /* MoviesListViewController+DataSource.swift in Sources */ = {isa = PBXBuildFile; fileRef = C526783022A3F62F00523D04 /* MoviesListViewController+DataSource.swift */; };
		C526783322A3F66800523D04 /* MoviesListViewController+Delegate.swift in Sources */ = {isa = PBXBuildFile; fileRef = C526783222A3F66800523D04 /* MoviesListViewController+Delegate.swift */; };
		C526783522A3F71E00523D04 /* MoviesListPresenter.swift in Sources */ = {isa = PBXBuildFile; fileRef = C526783422A3F71E00523D04 /* MoviesListPresenter.swift */; };
		C526783722A4236500523D04 /* MoviesListRouterInput.swift in Sources */ = {isa = PBXBuildFile; fileRef = C526783622A4236500523D04 /* MoviesListRouterInput.swift */; };
		C526783922A423BB00523D04 /* MoviesListRouter.swift in Sources */ = {isa = PBXBuildFile; fileRef = C526783822A423BB00523D04 /* MoviesListRouter.swift */; };
		C526783B22A4247A00523D04 /* MoviesListInteractorInput.swift in Sources */ = {isa = PBXBuildFile; fileRef = C526783A22A4247A00523D04 /* MoviesListInteractorInput.swift */; };
		C526783D22A424B400523D04 /* MoviesListInteractorOutput.swift in Sources */ = {isa = PBXBuildFile; fileRef = C526783C22A424B400523D04 /* MoviesListInteractorOutput.swift */; };
		C526783F22A425A500523D04 /* MoviesListInteractor.swift in Sources */ = {isa = PBXBuildFile; fileRef = C526783E22A425A500523D04 /* MoviesListInteractor.swift */; };
		C526784122A4278A00523D04 /* MoviesListBuilder.swift in Sources */ = {isa = PBXBuildFile; fileRef = C526784022A4278A00523D04 /* MoviesListBuilder.swift */; };
		C526784322A42A0700523D04 /* Films.json in Resources */ = {isa = PBXBuildFile; fileRef = C526784222A42A0700523D04 /* Films.json */; };
		C526784522A42B7E00523D04 /* DataLoader.swift in Sources */ = {isa = PBXBuildFile; fileRef = C526784422A42B7E00523D04 /* DataLoader.swift */; };
/* End PBXBuildFile section */

/* Begin PBXContainerItemProxy section */
		C526780622A3D5B700523D04 /* PBXContainerItemProxy */ = {
			isa = PBXContainerItemProxy;
			containerPortal = C52677E922A3D5B600523D04 /* Project object */;
			proxyType = 1;
			remoteGlobalIDString = C52677F022A3D5B600523D04;
			remoteInfo = MovieList_Viper;
		};
/* End PBXContainerItemProxy section */

/* Begin PBXFileReference section */
		C5150A5422A4F98C00AB53A2 /* DateFormatterHelper.swift */ = {isa = PBXFileReference; lastKnownFileType = sourcecode.swift; path = DateFormatterHelper.swift; sourceTree = "<group>"; };
		C5150A5622A5F35900AB53A2 /* DetailsViewInput.swift */ = {isa = PBXFileReference; lastKnownFileType = sourcecode.swift; path = DetailsViewInput.swift; sourceTree = "<group>"; };
		C5150A5822A5F3CC00AB53A2 /* DetailViewOutput.swift */ = {isa = PBXFileReference; lastKnownFileType = sourcecode.swift; path = DetailViewOutput.swift; sourceTree = "<group>"; };
		C5150A5A22A5F40B00AB53A2 /* DetailsViewController.swift */ = {isa = PBXFileReference; lastKnownFileType = sourcecode.swift; path = DetailsViewController.swift; sourceTree = "<group>"; };
		C5150A5D22A5F4F500AB53A2 /* DetailsPresenter.swift */ = {isa = PBXFileReference; lastKnownFileType = sourcecode.swift; path = DetailsPresenter.swift; sourceTree = "<group>"; };
		C5150A6022A5F5CE00AB53A2 /* DetailsModuleBuilder.swift */ = {isa = PBXFileReference; lastKnownFileType = sourcecode.swift; path = DetailsModuleBuilder.swift; sourceTree = "<group>"; };
		C5150A6322A5F61600AB53A2 /* DetailsInteractor.swift */ = {isa = PBXFileReference; lastKnownFileType = sourcecode.swift; path = DetailsInteractor.swift; sourceTree = "<group>"; };
		C5150A6522A5F63100AB53A2 /* DetailsRouter.swift */ = {isa = PBXFileReference; lastKnownFileType = sourcecode.swift; path = DetailsRouter.swift; sourceTree = "<group>"; };
		C52677F122A3D5B600523D04 /* MovieList_Viper.app */ = {isa = PBXFileReference; explicitFileType = wrapper.application; includeInIndex = 0; path = MovieList_Viper.app; sourceTree = BUILT_PRODUCTS_DIR; };
		C52677F422A3D5B600523D04 /* AppDelegate.swift */ = {isa = PBXFileReference; lastKnownFileType = sourcecode.swift; path = AppDelegate.swift; sourceTree = "<group>"; };
		C52677F922A3D5B600523D04 /* Base */ = {isa = PBXFileReference; lastKnownFileType = file.storyboard; name = Base; path = Base.lproj/Main.storyboard; sourceTree = "<group>"; };
		C52677FB22A3D5B700523D04 /* Assets.xcassets */ = {isa = PBXFileReference; lastKnownFileType = folder.assetcatalog; path = Assets.xcassets; sourceTree = "<group>"; };
		C52677FE22A3D5B700523D04 /* Base */ = {isa = PBXFileReference; lastKnownFileType = file.storyboard; name = Base; path = Base.lproj/LaunchScreen.storyboard; sourceTree = "<group>"; };
		C526780022A3D5B700523D04 /* Info.plist */ = {isa = PBXFileReference; lastKnownFileType = text.plist.xml; path = Info.plist; sourceTree = "<group>"; };
		C526780522A3D5B700523D04 /* MovieList_ViperTests.xctest */ = {isa = PBXFileReference; explicitFileType = wrapper.cfbundle; includeInIndex = 0; path = MovieList_ViperTests.xctest; sourceTree = BUILT_PRODUCTS_DIR; };
		C526780922A3D5B700523D04 /* MovieList_ViperTests.swift */ = {isa = PBXFileReference; lastKnownFileType = sourcecode.swift; path = MovieList_ViperTests.swift; sourceTree = "<group>"; };
		C526780B22A3D5B700523D04 /* Info.plist */ = {isa = PBXFileReference; lastKnownFileType = text.plist.xml; path = Info.plist; sourceTree = "<group>"; };
		C526781722A3D67E00523D04 /* GenericRole.swift */ = {isa = PBXFileReference; lastKnownFileType = sourcecode.swift; path = GenericRole.swift; sourceTree = "<group>"; };
		C526781A22A3D84F00523D04 /* Actor.swift */ = {isa = PBXFileReference; lastKnownFileType = sourcecode.swift; path = Actor.swift; sourceTree = "<group>"; };
		C526781C22A3D8B200523D04 /* Director.swift */ = {isa = PBXFileReference; lastKnownFileType = sourcecode.swift; path = Director.swift; sourceTree = "<group>"; };
		C526781E22A3D93B00523D04 /* Film.swift */ = {isa = PBXFileReference; lastKnownFileType = sourcecode.swift; path = Film.swift; sourceTree = "<group>"; };
		C526782522A3EA7900523D04 /* MoviesListViewInput.swift */ = {isa = PBXFileReference; lastKnownFileType = sourcecode.swift; path = MoviesListViewInput.swift; sourceTree = "<group>"; };
		C526782722A3EAD300523D04 /* MoviesListViewOutput.swift */ = {isa = PBXFileReference; lastKnownFileType = sourcecode.swift; path = MoviesListViewOutput.swift; sourceTree = "<group>"; };
		C526782922A3EBDE00523D04 /* MoviesListViewController.swift */ = {isa = PBXFileReference; lastKnownFileType = sourcecode.swift; path = MoviesListViewController.swift; sourceTree = "<group>"; };
		C526782B22A3EEFB00523D04 /* MovieCell.swift */ = {isa = PBXFileReference; lastKnownFileType = sourcecode.swift; path = MovieCell.swift; sourceTree = "<group>"; };
		C526782C22A3EEFB00523D04 /* MovieCell.xib */ = {isa = PBXFileReference; lastKnownFileType = file.xib; path = MovieCell.xib; sourceTree = "<group>"; };
		C526783022A3F62F00523D04 /* MoviesListViewController+DataSource.swift */ = {isa = PBXFileReference; lastKnownFileType = sourcecode.swift; path = "MoviesListViewController+DataSource.swift"; sourceTree = "<group>"; };
		C526783222A3F66800523D04 /* MoviesListViewController+Delegate.swift */ = {isa = PBXFileReference; lastKnownFileType = sourcecode.swift; path = "MoviesListViewController+Delegate.swift"; sourceTree = "<group>"; };
		C526783422A3F71E00523D04 /* MoviesListPresenter.swift */ = {isa = PBXFileReference; lastKnownFileType = sourcecode.swift; path = MoviesListPresenter.swift; sourceTree = "<group>"; };
		C526783622A4236500523D04 /* MoviesListRouterInput.swift */ = {isa = PBXFileReference; lastKnownFileType = sourcecode.swift; path = MoviesListRouterInput.swift; sourceTree = "<group>"; };
		C526783822A423BB00523D04 /* MoviesListRouter.swift */ = {isa = PBXFileReference; lastKnownFileType = sourcecode.swift; path = MoviesListRouter.swift; sourceTree = "<group>"; };
		C526783A22A4247A00523D04 /* MoviesListInteractorInput.swift */ = {isa = PBXFileReference; lastKnownFileType = sourcecode.swift; path = MoviesListInteractorInput.swift; sourceTree = "<group>"; };
		C526783C22A424B400523D04 /* MoviesListInteractorOutput.swift */ = {isa = PBXFileReference; lastKnownFileType = sourcecode.swift; path = MoviesListInteractorOutput.swift; sourceTree = "<group>"; };
		C526783E22A425A500523D04 /* MoviesListInteractor.swift */ = {isa = PBXFileReference; lastKnownFileType = sourcecode.swift; path = MoviesListInteractor.swift; sourceTree = "<group>"; };
		C526784022A4278A00523D04 /* MoviesListBuilder.swift */ = {isa = PBXFileReference; lastKnownFileType = sourcecode.swift; path = MoviesListBuilder.swift; sourceTree = "<group>"; };
		C526784222A42A0700523D04 /* Films.json */ = {isa = PBXFileReference; lastKnownFileType = text.json; path = Films.json; sourceTree = "<group>"; };
		C526784422A42B7E00523D04 /* DataLoader.swift */ = {isa = PBXFileReference; lastKnownFileType = sourcecode.swift; path = DataLoader.swift; sourceTree = "<group>"; };
/* End PBXFileReference section */

/* Begin PBXFrameworksBuildPhase section */
		C52677EE22A3D5B600523D04 /* Frameworks */ = {
			isa = PBXFrameworksBuildPhase;
			buildActionMask = 2147483647;
			files = (
			);
			runOnlyForDeploymentPostprocessing = 0;
		};
		C526780222A3D5B700523D04 /* Frameworks */ = {
			isa = PBXFrameworksBuildPhase;
			buildActionMask = 2147483647;
			files = (
			);
			runOnlyForDeploymentPostprocessing = 0;
		};
/* End PBXFrameworksBuildPhase section */

/* Begin PBXGroup section */
		C5150A5C22A5F4A400AB53A2 /* View */ = {
			isa = PBXGroup;
			children = (
				C5150A5622A5F35900AB53A2 /* DetailsViewInput.swift */,
				C5150A5822A5F3CC00AB53A2 /* DetailViewOutput.swift */,
				C5150A5A22A5F40B00AB53A2 /* DetailsViewController.swift */,
			);
			path = View;
			sourceTree = "<group>";
		};
		C5150A5F22A5F5A000AB53A2 /* Presenter */ = {
			isa = PBXGroup;
			children = (
				C5150A5D22A5F4F500AB53A2 /* DetailsPresenter.swift */,
			);
			path = Presenter;
			sourceTree = "<group>";
		};
		C5150A6222A5F5D400AB53A2 /* Builder */ = {
			isa = PBXGroup;
			children = (
				C5150A6022A5F5CE00AB53A2 /* DetailsModuleBuilder.swift */,
			);
			path = Builder;
			sourceTree = "<group>";
		};
		C5150A6722A5F64300AB53A2 /* Interactor */ = {
			isa = PBXGroup;
			children = (
				C5150A6322A5F61600AB53A2 /* DetailsInteractor.swift */,
			);
			path = Interactor;
			sourceTree = "<group>";
		};
		C5150A6822A5F64A00AB53A2 /* Router */ = {
			isa = PBXGroup;
			children = (
				C5150A6522A5F63100AB53A2 /* DetailsRouter.swift */,
			);
			path = Router;
			sourceTree = "<group>";
		};
		C52677E822A3D5B600523D04 = {
			isa = PBXGroup;
			children = (
				C52677F322A3D5B600523D04 /* MovieList_Viper */,
				C526780822A3D5B700523D04 /* MovieList_ViperTests */,
				C52677F222A3D5B600523D04 /* Products */,
			);
			sourceTree = "<group>";
		};
		C52677F222A3D5B600523D04 /* Products */ = {
			isa = PBXGroup;
			children = (
				C52677F122A3D5B600523D04 /* MovieList_Viper.app */,
				C526780522A3D5B700523D04 /* MovieList_ViperTests.xctest */,
			);
			name = Products;
			sourceTree = "<group>";
		};
		C52677F322A3D5B600523D04 /* MovieList_Viper */ = {
			isa = PBXGroup;
			children = (
				C52677F422A3D5B600523D04 /* AppDelegate.swift */,
				C526784622A4301000523D04 /* Utils */,
				C526781922A3D83F00523D04 /* Model */,
				C526781422A3D61700523D04 /* Modules */,
				C52677F822A3D5B600523D04 /* Main.storyboard */,
				C52677FB22A3D5B700523D04 /* Assets.xcassets */,
				C52677FD22A3D5B700523D04 /* LaunchScreen.storyboard */,
				C526780022A3D5B700523D04 /* Info.plist */,
			);
			path = MovieList_Viper;
			sourceTree = "<group>";
		};
		C526780822A3D5B700523D04 /* MovieList_ViperTests */ = {
			isa = PBXGroup;
			children = (
				C526780922A3D5B700523D04 /* MovieList_ViperTests.swift */,
				C526780B22A3D5B700523D04 /* Info.plist */,
			);
			path = MovieList_ViperTests;
			sourceTree = "<group>";
		};
		C526781422A3D61700523D04 /* Modules */ = {
			isa = PBXGroup;
			children = (
				C526781522A3D62100523D04 /* Movies List */,
				C526781622A3D63D00523D04 /* Movies Details */,
			);
			path = Modules;
			sourceTree = "<group>";
		};
		C526781522A3D62100523D04 /* Movies List */ = {
			isa = PBXGroup;
			children = (
				C526782422A3EA2700523D04 /* Builder */,
				C526782322A3EA2000523D04 /* Router */,
				C526782222A3EA1100523D04 /* Presenter */,
				C526782122A3EA0800523D04 /* Interactor */,
				C526782022A3E9EA00523D04 /* View */,
			);
			path = "Movies List";
			sourceTree = "<group>";
		};
		C526781622A3D63D00523D04 /* Movies Details */ = {
			isa = PBXGroup;
			children = (
				C5150A5F22A5F5A000AB53A2 /* Presenter */,
				C5150A5C22A5F4A400AB53A2 /* View */,
				C5150A6222A5F5D400AB53A2 /* Builder */,
				C5150A6722A5F64300AB53A2 /* Interactor */,
				C5150A6822A5F64A00AB53A2 /* Router */,
			);
			path = "Movies Details";
			sourceTree = "<group>";
		};
		C526781922A3D83F00523D04 /* Model */ = {
			isa = PBXGroup;
			children = (
				C526781722A3D67E00523D04 /* GenericRole.swift */,
				C526781A22A3D84F00523D04 /* Actor.swift */,
				C526781C22A3D8B200523D04 /* Director.swift */,
				C526781E22A3D93B00523D04 /* Film.swift */,
				C526784222A42A0700523D04 /* Films.json */,
			);
			path = Model;
			sourceTree = "<group>";
		};
		C526782022A3E9EA00523D04 /* View */ = {
			isa = PBXGroup;
			children = (
				C526782522A3EA7900523D04 /* MoviesListViewInput.swift */,
				C526782722A3EAD300523D04 /* MoviesListViewOutput.swift */,
				C526782922A3EBDE00523D04 /* MoviesListViewController.swift */,
				C526783022A3F62F00523D04 /* MoviesListViewController+DataSource.swift */,
				C526783222A3F66800523D04 /* MoviesListViewController+Delegate.swift */,
				C526782F22A3EF0600523D04 /* Cell */,
			);
			path = View;
			sourceTree = "<group>";
		};
		C526782122A3EA0800523D04 /* Interactor */ = {
			isa = PBXGroup;
			children = (
				C526783A22A4247A00523D04 /* MoviesListInteractorInput.swift */,
				C526783C22A424B400523D04 /* MoviesListInteractorOutput.swift */,
				C526783E22A425A500523D04 /* MoviesListInteractor.swift */,
			);
			path = Interactor;
			sourceTree = "<group>";
		};
		C526782222A3EA1100523D04 /* Presenter */ = {
			isa = PBXGroup;
			children = (
				C526783422A3F71E00523D04 /* MoviesListPresenter.swift */,
			);
			path = Presenter;
			sourceTree = "<group>";
		};
		C526782322A3EA2000523D04 /* Router */ = {
			isa = PBXGroup;
			children = (
				C526783622A4236500523D04 /* MoviesListRouterInput.swift */,
				C526783822A423BB00523D04 /* MoviesListRouter.swift */,
			);
			path = Router;
			sourceTree = "<group>";
		};
		C526782422A3EA2700523D04 /* Builder */ = {
			isa = PBXGroup;
			children = (
				C526784022A4278A00523D04 /* MoviesListBuilder.swift */,
			);
			path = Builder;
			sourceTree = "<group>";
		};
		C526782F22A3EF0600523D04 /* Cell */ = {
			isa = PBXGroup;
			children = (
				C526782B22A3EEFB00523D04 /* MovieCell.swift */,
				C526782C22A3EEFB00523D04 /* MovieCell.xib */,
			);
			path = Cell;
			sourceTree = "<group>";
		};
		C526784622A4301000523D04 /* Utils */ = {
			isa = PBXGroup;
			children = (
				C526784422A42B7E00523D04 /* DataLoader.swift */,
				C5150A5422A4F98C00AB53A2 /* DateFormatterHelper.swift */,
			);
			path = Utils;
			sourceTree = "<group>";
		};
/* End PBXGroup section */

/* Begin PBXNativeTarget section */
		C52677F022A3D5B600523D04 /* MovieList_Viper */ = {
			isa = PBXNativeTarget;
			buildConfigurationList = C526780E22A3D5B700523D04 /* Build configuration list for PBXNativeTarget "MovieList_Viper" */;
			buildPhases = (
				C52677ED22A3D5B600523D04 /* Sources */,
				C52677EE22A3D5B600523D04 /* Frameworks */,
				C52677EF22A3D5B600523D04 /* Resources */,
			);
			buildRules = (
			);
			dependencies = (
			);
			name = MovieList_Viper;
			productName = MovieList_Viper;
			productReference = C52677F122A3D5B600523D04 /* MovieList_Viper.app */;
			productType = "com.apple.product-type.application";
		};
		C526780422A3D5B700523D04 /* MovieList_ViperTests */ = {
			isa = PBXNativeTarget;
			buildConfigurationList = C526781122A3D5B700523D04 /* Build configuration list for PBXNativeTarget "MovieList_ViperTests" */;
			buildPhases = (
				C526780122A3D5B700523D04 /* Sources */,
				C526780222A3D5B700523D04 /* Frameworks */,
				C526780322A3D5B700523D04 /* Resources */,
			);
			buildRules = (
			);
			dependencies = (
				C526780722A3D5B700523D04 /* PBXTargetDependency */,
			);
			name = MovieList_ViperTests;
			productName = MovieList_ViperTests;
			productReference = C526780522A3D5B700523D04 /* MovieList_ViperTests.xctest */;
			productType = "com.apple.product-type.bundle.unit-test";
		};
/* End PBXNativeTarget section */

/* Begin PBXProject section */
		C52677E922A3D5B600523D04 /* Project object */ = {
			isa = PBXProject;
			attributes = {
				LastSwiftUpdateCheck = 1010;
				LastUpgradeCheck = 1010;
				ORGANIZATIONNAME = DMI;
				TargetAttributes = {
					C52677F022A3D5B600523D04 = {
						CreatedOnToolsVersion = 10.1;
					};
					C526780422A3D5B700523D04 = {
						CreatedOnToolsVersion = 10.1;
						TestTargetID = C52677F022A3D5B600523D04;
					};
				};
			};
			buildConfigurationList = C52677EC22A3D5B600523D04 /* Build configuration list for PBXProject "MovieList_Viper" */;
			compatibilityVersion = "Xcode 9.3";
			developmentRegion = en;
			hasScannedForEncodings = 0;
			knownRegions = (
				en,
				Base,
			);
			mainGroup = C52677E822A3D5B600523D04;
			productRefGroup = C52677F222A3D5B600523D04 /* Products */;
			projectDirPath = "";
			projectRoot = "";
			targets = (
				C52677F022A3D5B600523D04 /* MovieList_Viper */,
				C526780422A3D5B700523D04 /* MovieList_ViperTests */,
			);
		};
/* End PBXProject section */

/* Begin PBXResourcesBuildPhase section */
		C52677EF22A3D5B600523D04 /* Resources */ = {
			isa = PBXResourcesBuildPhase;
			buildActionMask = 2147483647;
			files = (
				C52677FF22A3D5B700523D04 /* LaunchScreen.storyboard in Resources */,
				C52677FC22A3D5B700523D04 /* Assets.xcassets in Resources */,
				C526782E22A3EEFB00523D04 /* MovieCell.xib in Resources */,
				C52677FA22A3D5B600523D04 /* Main.storyboard in Resources */,
				C526784322A42A0700523D04 /* Films.json in Resources */,
			);
			runOnlyForDeploymentPostprocessing = 0;
		};
		C526780322A3D5B700523D04 /* Resources */ = {
			isa = PBXResourcesBuildPhase;
			buildActionMask = 2147483647;
			files = (
			);
			runOnlyForDeploymentPostprocessing = 0;
		};
/* End PBXResourcesBuildPhase section */

/* Begin PBXSourcesBuildPhase section */
		C52677ED22A3D5B600523D04 /* Sources */ = {
			isa = PBXSourcesBuildPhase;
			buildActionMask = 2147483647;
			files = (
				C526783B22A4247A00523D04 /* MoviesListInteractorInput.swift in Sources */,
				C5150A5B22A5F40B00AB53A2 /* DetailsViewController.swift in Sources */,
				C526782822A3EAD300523D04 /* MoviesListViewOutput.swift in Sources */,
				C526784122A4278A00523D04 /* MoviesListBuilder.swift in Sources */,
				C526783922A423BB00523D04 /* MoviesListRouter.swift in Sources */,
				C526782622A3EA7900523D04 /* MoviesListViewInput.swift in Sources */,
				C526782D22A3EEFB00523D04 /* MovieCell.swift in Sources */,
				C5150A5522A4F98C00AB53A2 /* DateFormatterHelper.swift in Sources */,
				C526781F22A3D93B00523D04 /* Film.swift in Sources */,
				C526783722A4236500523D04 /* MoviesListRouterInput.swift in Sources */,
				C526783F22A425A500523D04 /* MoviesListInteractor.swift in Sources */,
				C5150A5722A5F35900AB53A2 /* DetailsViewInput.swift in Sources */,
				C526784522A42B7E00523D04 /* DataLoader.swift in Sources */,
				C5150A5922A5F3CC00AB53A2 /* DetailViewOutput.swift in Sources */,
				C526783322A3F66800523D04 /* MoviesListViewController+Delegate.swift in Sources */,
				C526781B22A3D84F00523D04 /* Actor.swift in Sources */,
				C526781D22A3D8B200523D04 /* Director.swift in Sources */,
				C526783122A3F62F00523D04 /* MoviesListViewController+DataSource.swift in Sources */,
				C52677F522A3D5B600523D04 /* AppDelegate.swift in Sources */,
				C526783D22A424B400523D04 /* MoviesListInteractorOutput.swift in Sources */,
				C526781822A3D67E00523D04 /* GenericRole.swift in Sources */,
				C5150A6422A5F61600AB53A2 /* DetailsInteractor.swift in Sources */,
				C5150A6122A5F5CE00AB53A2 /* DetailsModuleBuilder.swift in Sources */,
				C526782A22A3EBDE00523D04 /* MoviesListViewController.swift in Sources */,
				C526783522A3F71E00523D04 /* MoviesListPresenter.swift in Sources */,
				C5150A6622A5F63100AB53A2 /* DetailsRouter.swift in Sources */,
				C5150A5E22A5F4F500AB53A2 /* DetailsPresenter.swift in Sources */,
			);
			runOnlyForDeploymentPostprocessing = 0;
		};
		C526780122A3D5B700523D04 /* Sources */ = {
			isa = PBXSourcesBuildPhase;
			buildActionMask = 2147483647;
			files = (
				C526780A22A3D5B700523D04 /* MovieList_ViperTests.swift in Sources */,
			);
			runOnlyForDeploymentPostprocessing = 0;
		};
/* End PBXSourcesBuildPhase section */

/* Begin PBXTargetDependency section */
		C526780722A3D5B700523D04 /* PBXTargetDependency */ = {
			isa = PBXTargetDependency;
			target = C52677F022A3D5B600523D04 /* MovieList_Viper */;
			targetProxy = C526780622A3D5B700523D04 /* PBXContainerItemProxy */;
		};
/* End PBXTargetDependency section */

/* Begin PBXVariantGroup section */
		C52677F822A3D5B600523D04 /* Main.storyboard */ = {
			isa = PBXVariantGroup;
			children = (
				C52677F922A3D5B600523D04 /* Base */,
			);
			name = Main.storyboard;
			sourceTree = "<group>";
		};
		C52677FD22A3D5B700523D04 /* LaunchScreen.storyboard */ = {
			isa = PBXVariantGroup;
			children = (
				C52677FE22A3D5B700523D04 /* Base */,
			);
			name = LaunchScreen.storyboard;
			sourceTree = "<group>";
		};
/* End PBXVariantGroup section */

/* Begin XCBuildConfiguration section */
		C526780C22A3D5B700523D04 /* Debug */ = {
			isa = XCBuildConfiguration;
			buildSettings = {
				ALWAYS_SEARCH_USER_PATHS = NO;
				CLANG_ANALYZER_NONNULL = YES;
				CLANG_ANALYZER_NUMBER_OBJECT_CONVERSION = YES_AGGRESSIVE;
				CLANG_CXX_LANGUAGE_STANDARD = "gnu++14";
				CLANG_CXX_LIBRARY = "libc++";
				CLANG_ENABLE_MODULES = YES;
				CLANG_ENABLE_OBJC_ARC = YES;
				CLANG_ENABLE_OBJC_WEAK = YES;
				CLANG_WARN_BLOCK_CAPTURE_AUTORELEASING = YES;
				CLANG_WARN_BOOL_CONVERSION = YES;
				CLANG_WARN_COMMA = YES;
				CLANG_WARN_CONSTANT_CONVERSION = YES;
				CLANG_WARN_DEPRECATED_OBJC_IMPLEMENTATIONS = YES;
				CLANG_WARN_DIRECT_OBJC_ISA_USAGE = YES_ERROR;
				CLANG_WARN_DOCUMENTATION_COMMENTS = YES;
				CLANG_WARN_EMPTY_BODY = YES;
				CLANG_WARN_ENUM_CONVERSION = YES;
				CLANG_WARN_INFINITE_RECURSION = YES;
				CLANG_WARN_INT_CONVERSION = YES;
				CLANG_WARN_NON_LITERAL_NULL_CONVERSION = YES;
				CLANG_WARN_OBJC_IMPLICIT_RETAIN_SELF = YES;
				CLANG_WARN_OBJC_LITERAL_CONVERSION = YES;
				CLANG_WARN_OBJC_ROOT_CLASS = YES_ERROR;
				CLANG_WARN_RANGE_LOOP_ANALYSIS = YES;
				CLANG_WARN_STRICT_PROTOTYPES = YES;
				CLANG_WARN_SUSPICIOUS_MOVE = YES;
				CLANG_WARN_UNGUARDED_AVAILABILITY = YES_AGGRESSIVE;
				CLANG_WARN_UNREACHABLE_CODE = YES;
				CLANG_WARN__DUPLICATE_METHOD_MATCH = YES;
				CODE_SIGN_IDENTITY = "iPhone Developer";
				COPY_PHASE_STRIP = NO;
				DEBUG_INFORMATION_FORMAT = dwarf;
				ENABLE_STRICT_OBJC_MSGSEND = YES;
				ENABLE_TESTABILITY = YES;
				GCC_C_LANGUAGE_STANDARD = gnu11;
				GCC_DYNAMIC_NO_PIC = NO;
				GCC_NO_COMMON_BLOCKS = YES;
				GCC_OPTIMIZATION_LEVEL = 0;
				GCC_PREPROCESSOR_DEFINITIONS = (
					"DEBUG=1",
					"$(inherited)",
				);
				GCC_WARN_64_TO_32_BIT_CONVERSION = YES;
				GCC_WARN_ABOUT_RETURN_TYPE = YES_ERROR;
				GCC_WARN_UNDECLARED_SELECTOR = YES;
				GCC_WARN_UNINITIALIZED_AUTOS = YES_AGGRESSIVE;
				GCC_WARN_UNUSED_FUNCTION = YES;
				GCC_WARN_UNUSED_VARIABLE = YES;
				IPHONEOS_DEPLOYMENT_TARGET = 12.1;
				MTL_ENABLE_DEBUG_INFO = INCLUDE_SOURCE;
				MTL_FAST_MATH = YES;
				ONLY_ACTIVE_ARCH = YES;
				SDKROOT = iphoneos;
				SWIFT_ACTIVE_COMPILATION_CONDITIONS = DEBUG;
				SWIFT_OPTIMIZATION_LEVEL = "-Onone";
			};
			name = Debug;
		};
		C526780D22A3D5B700523D04 /* Release */ = {
			isa = XCBuildConfiguration;
			buildSettings = {
				ALWAYS_SEARCH_USER_PATHS = NO;
				CLANG_ANALYZER_NONNULL = YES;
				CLANG_ANALYZER_NUMBER_OBJECT_CONVERSION = YES_AGGRESSIVE;
				CLANG_CXX_LANGUAGE_STANDARD = "gnu++14";
				CLANG_CXX_LIBRARY = "libc++";
				CLANG_ENABLE_MODULES = YES;
				CLANG_ENABLE_OBJC_ARC = YES;
				CLANG_ENABLE_OBJC_WEAK = YES;
				CLANG_WARN_BLOCK_CAPTURE_AUTORELEASING = YES;
				CLANG_WARN_BOOL_CONVERSION = YES;
				CLANG_WARN_COMMA = YES;
				CLANG_WARN_CONSTANT_CONVERSION = YES;
				CLANG_WARN_DEPRECATED_OBJC_IMPLEMENTATIONS = YES;
				CLANG_WARN_DIRECT_OBJC_ISA_USAGE = YES_ERROR;
				CLANG_WARN_DOCUMENTATION_COMMENTS = YES;
				CLANG_WARN_EMPTY_BODY = YES;
				CLANG_WARN_ENUM_CONVERSION = YES;
				CLANG_WARN_INFINITE_RECURSION = YES;
				CLANG_WARN_INT_CONVERSION = YES;
				CLANG_WARN_NON_LITERAL_NULL_CONVERSION = YES;
				CLANG_WARN_OBJC_IMPLICIT_RETAIN_SELF = YES;
				CLANG_WARN_OBJC_LITERAL_CONVERSION = YES;
				CLANG_WARN_OBJC_ROOT_CLASS = YES_ERROR;
				CLANG_WARN_RANGE_LOOP_ANALYSIS = YES;
				CLANG_WARN_STRICT_PROTOTYPES = YES;
				CLANG_WARN_SUSPICIOUS_MOVE = YES;
				CLANG_WARN_UNGUARDED_AVAILABILITY = YES_AGGRESSIVE;
				CLANG_WARN_UNREACHABLE_CODE = YES;
				CLANG_WARN__DUPLICATE_METHOD_MATCH = YES;
				CODE_SIGN_IDENTITY = "iPhone Developer";
				COPY_PHASE_STRIP = NO;
				DEBUG_INFORMATION_FORMAT = "dwarf-with-dsym";
				ENABLE_NS_ASSERTIONS = NO;
				ENABLE_STRICT_OBJC_MSGSEND = YES;
				GCC_C_LANGUAGE_STANDARD = gnu11;
				GCC_NO_COMMON_BLOCKS = YES;
				GCC_WARN_64_TO_32_BIT_CONVERSION = YES;
				GCC_WARN_ABOUT_RETURN_TYPE = YES_ERROR;
				GCC_WARN_UNDECLARED_SELECTOR = YES;
				GCC_WARN_UNINITIALIZED_AUTOS = YES_AGGRESSIVE;
				GCC_WARN_UNUSED_FUNCTION = YES;
				GCC_WARN_UNUSED_VARIABLE = YES;
				IPHONEOS_DEPLOYMENT_TARGET = 12.1;
				MTL_ENABLE_DEBUG_INFO = NO;
				MTL_FAST_MATH = YES;
				SDKROOT = iphoneos;
				SWIFT_COMPILATION_MODE = wholemodule;
				SWIFT_OPTIMIZATION_LEVEL = "-O";
				VALIDATE_PRODUCT = YES;
			};
			name = Release;
		};
		C526780F22A3D5B700523D04 /* Debug */ = {
			isa = XCBuildConfiguration;
			buildSettings = {
				ASSETCATALOG_COMPILER_APPICON_NAME = AppIcon;
				CODE_SIGN_STYLE = Automatic;
				INFOPLIST_FILE = MovieList_Viper/Info.plist;
				LD_RUNPATH_SEARCH_PATHS = (
					"$(inherited)",
					"@executable_path/Frameworks",
				);
				PRODUCT_BUNDLE_IDENTIFIER = "DMI.MovieList-Viper";
				PRODUCT_NAME = "$(TARGET_NAME)";
				SWIFT_VERSION = 4.2;
				TARGETED_DEVICE_FAMILY = "1,2";
			};
			name = Debug;
		};
		C526781022A3D5B700523D04 /* Release */ = {
			isa = XCBuildConfiguration;
			buildSettings = {
				ASSETCATALOG_COMPILER_APPICON_NAME = AppIcon;
				CODE_SIGN_STYLE = Automatic;
				INFOPLIST_FILE = MovieList_Viper/Info.plist;
				LD_RUNPATH_SEARCH_PATHS = (
					"$(inherited)",
					"@executable_path/Frameworks",
				);
				PRODUCT_BUNDLE_IDENTIFIER = "DMI.MovieList-Viper";
				PRODUCT_NAME = "$(TARGET_NAME)";
				SWIFT_VERSION = 4.2;
				TARGETED_DEVICE_FAMILY = "1,2";
			};
			name = Release;
		};
		C526781222A3D5B700523D04 /* Debug */ = {
			isa = XCBuildConfiguration;
			buildSettings = {
				ALWAYS_EMBED_SWIFT_STANDARD_LIBRARIES = YES;
				BUNDLE_LOADER = "$(TEST_HOST)";
				CODE_SIGN_STYLE = Automatic;
				INFOPLIST_FILE = MovieList_ViperTests/Info.plist;
				LD_RUNPATH_SEARCH_PATHS = (
					"$(inherited)",
					"@executable_path/Frameworks",
					"@loader_path/Frameworks",
				);
				PRODUCT_BUNDLE_IDENTIFIER = "DMI.MovieList-ViperTests";
				PRODUCT_NAME = "$(TARGET_NAME)";
				SWIFT_VERSION = 4.2;
				TARGETED_DEVICE_FAMILY = "1,2";
				TEST_HOST = "$(BUILT_PRODUCTS_DIR)/MovieList_Viper.app/MovieList_Viper";
			};
			name = Debug;
		};
		C526781322A3D5B700523D04 /* Release */ = {
			isa = XCBuildConfiguration;
			buildSettings = {
				ALWAYS_EMBED_SWIFT_STANDARD_LIBRARIES = YES;
				BUNDLE_LOADER = "$(TEST_HOST)";
				CODE_SIGN_STYLE = Automatic;
				INFOPLIST_FILE = MovieList_ViperTests/Info.plist;
				LD_RUNPATH_SEARCH_PATHS = (
					"$(inherited)",
					"@executable_path/Frameworks",
					"@loader_path/Frameworks",
				);
				PRODUCT_BUNDLE_IDENTIFIER = "DMI.MovieList-ViperTests";
				PRODUCT_NAME = "$(TARGET_NAME)";
				SWIFT_VERSION = 4.2;
				TARGETED_DEVICE_FAMILY = "1,2";
				TEST_HOST = "$(BUILT_PRODUCTS_DIR)/MovieList_Viper.app/MovieList_Viper";
			};
			name = Release;
		};
/* End XCBuildConfiguration section */

/* Begin XCConfigurationList section */
		C52677EC22A3D5B600523D04 /* Build configuration list for PBXProject "MovieList_Viper" */ = {
			isa = XCConfigurationList;
			buildConfigurations = (
				C526780C22A3D5B700523D04 /* Debug */,
				C526780D22A3D5B700523D04 /* Release */,
			);
			defaultConfigurationIsVisible = 0;
			defaultConfigurationName = Release;
		};
		C526780E22A3D5B700523D04 /* Build configuration list for PBXNativeTarget "MovieList_Viper" */ = {
			isa = XCConfigurationList;
			buildConfigurations = (
				C526780F22A3D5B700523D04 /* Debug */,
				C526781022A3D5B700523D04 /* Release */,
			);
			defaultConfigurationIsVisible = 0;
			defaultConfigurationName = Release;
		};
		C526781122A3D5B700523D04 /* Build configuration list for PBXNativeTarget "MovieList_ViperTests" */ = {
			isa = XCConfigurationList;
			buildConfigurations = (
				C526781222A3D5B700523D04 /* Debug */,
				C526781322A3D5B700523D04 /* Release */,
			);
			defaultConfigurationIsVisible = 0;
			defaultConfigurationName = Release;
		};
/* End XCConfigurationList section */
	};
	rootObject = C52677E922A3D5B600523D04 /* Project object */;
}
